
Microsoft Visual Studio Solution File, Format Version 12.00
# Visual Studio 15
VisualStudioVersion = 15.0.27004.2009
MinimumVisualStudioVersion = 10.0.40219.1
Project("{9092AA53-FB77-4645-B42D-1CCCA6BD08BD}") = "BackendServer", "BackendServer\BackendServer.njsproj", "{6E019FE8-2C6C-49E4-9CC9-A49D1954E36F}"
EndProject
Global
	GlobalSection(SolutionConfigurationPlatforms) = preSolution
		Debug|Any CPU = Debug|Any CPU
		Release|Any CPU = Release|Any CPU
	EndGlobalSection
	GlobalSection(ProjectConfigurationPlatforms) = postSolution
		{6E019FE8-2C6C-49E4-9CC9-A49D1954E36F}.Debug|Any CPU.ActiveCfg = Debug|Any CPU
		{6E019FE8-2C6C-49E4-9CC9-A49D1954E36F}.Debug|Any CPU.Build.0 = Debug|Any CPU
		{6E019FE8-2C6C-49E4-9CC9-A49D1954E36F}.Release|Any CPU.ActiveCfg = Release|Any CPU
		{6E019FE8-2C6C-49E4-9CC9-A49D1954E36F}.Release|Any CPU.Build.0 = Release|Any CPU
	EndGlobalSection
	GlobalSection(SolutionProperties) = preSolution
		HideSolutionNode = FALSE
	EndGlobalSection
	GlobalSection(ExtensibilityGlobals) = postSolution
		SolutionGuid = {BB17A1A0-0219-4E92-ABD3-B6B378C08635}
	EndGlobalSection
EndGlobal
